// !$*UTF8*$!
{
	archiveVersion = 1;
	classes = {
	};
	objectVersion = 55;
	objects = {

/* Begin PBXBuildFile section */
		A53F2D3426BAF2B300F261EA /* MainTabView.swift in Sources */ = {isa = PBXBuildFile; fileRef = A53F2D3326BAF2B300F261EA /* MainTabView.swift */; };
		A53F2D4026BAF5C200F261EA /* ViewProjectsOverviewService.swift in Sources */ = {isa = PBXBuildFile; fileRef = A53F2D3A26BAF53900F261EA /* ViewProjectsOverviewService.swift */; };
		A53F2D4126BAF5C200F261EA /* ViewProjectsOverviewInteractor.swift in Sources */ = {isa = PBXBuildFile; fileRef = A53F2D3826BAF53900F261EA /* ViewProjectsOverviewInteractor.swift */; };
		A53F2D4226BAF5C200F261EA /* ViewProjectsOverviewScene.swift in Sources */ = {isa = PBXBuildFile; fileRef = A53F2D3926BAF53900F261EA /* ViewProjectsOverviewScene.swift */; };
		A53F2D4326BAF5C200F261EA /* ViewProjectsOverviewModels.swift in Sources */ = {isa = PBXBuildFile; fileRef = A53F2D3C26BAF53900F261EA /* ViewProjectsOverviewModels.swift */; };
		A53F2D4426BAF5C200F261EA /* ViewProjectsOverviewView.swift in Sources */ = {isa = PBXBuildFile; fileRef = A53F2D3B26BAF53900F261EA /* ViewProjectsOverviewView.swift */; };
		A53F2D4526BAF5C200F261EA /* ViewProjectsOverviewPresenter.swift in Sources */ = {isa = PBXBuildFile; fileRef = A53F2D3726BAF53900F261EA /* ViewProjectsOverviewPresenter.swift */; };
		A53F2D4626BAF5CA00F261EA /* ViewProjectsOverviewInteractorTests.swift in Sources */ = {isa = PBXBuildFile; fileRef = A53F2D3D26BAF53900F261EA /* ViewProjectsOverviewInteractorTests.swift */; };
		A53F2D4726BAF5CA00F261EA /* ViewProjectsOverviewPresenterTests.swift in Sources */ = {isa = PBXBuildFile; fileRef = A53F2D3E26BAF53900F261EA /* ViewProjectsOverviewPresenterTests.swift */; };
		A53F2D4826BAF5CA00F261EA /* ViewProjectsOverviewServiceTests.swift in Sources */ = {isa = PBXBuildFile; fileRef = A53F2D3F26BAF53900F261EA /* ViewProjectsOverviewServiceTests.swift */; };
		A53F2D4A26BAF64800F261EA /* DeleteButton.swift in Sources */ = {isa = PBXBuildFile; fileRef = A53F2D4926BAF64800F261EA /* DeleteButton.swift */; };
		A53F2D4D26BAFCB700F261EA /* ProjectRepository.swift in Sources */ = {isa = PBXBuildFile; fileRef = A53F2D4B26BAFBFB00F261EA /* ProjectRepository.swift */; };
		A53F2D4E26BAFCBB00F261EA /* ProjectRepositoryTests.swift in Sources */ = {isa = PBXBuildFile; fileRef = A53F2D4C26BAFBFB00F261EA /* ProjectRepositoryTests.swift */; };
		A53F2D5026BAFCE800F261EA /* Project.swift in Sources */ = {isa = PBXBuildFile; fileRef = A53F2D4F26BAFCE800F261EA /* Project.swift */; };
		A5D9102326B98E7900AAF35E /* InventoryApp.swift in Sources */ = {isa = PBXBuildFile; fileRef = A5D9102226B98E7900AAF35E /* InventoryApp.swift */; };
		A5D9102726B98E7A00AAF35E /* Assets.xcassets in Resources */ = {isa = PBXBuildFile; fileRef = A5D9102626B98E7A00AAF35E /* Assets.xcassets */; };
		A5D9102A26B98E7A00AAF35E /* Preview Assets.xcassets in Resources */ = {isa = PBXBuildFile; fileRef = A5D9102926B98E7A00AAF35E /* Preview Assets.xcassets */; };
		A5D9103926B98E7A00AAF35E /* InventoryTests.swift in Sources */ = {isa = PBXBuildFile; fileRef = A5D9103826B98E7A00AAF35E /* InventoryTests.swift */; };
		A5D9105C26B9955C00AAF35E /* ViewItemsOverviewPresenter.swift in Sources */ = {isa = PBXBuildFile; fileRef = A5D9105626B9955C00AAF35E /* ViewItemsOverviewPresenter.swift */; };
		A5D9105D26B9955C00AAF35E /* ViewItemsOverviewModels.swift in Sources */ = {isa = PBXBuildFile; fileRef = A5D9105726B9955C00AAF35E /* ViewItemsOverviewModels.swift */; };
		A5D9105E26B9955C00AAF35E /* ViewItemsOverviewScene.swift in Sources */ = {isa = PBXBuildFile; fileRef = A5D9105826B9955C00AAF35E /* ViewItemsOverviewScene.swift */; };
		A5D9105F26B9955C00AAF35E /* ViewItemsOverviewInteractor.swift in Sources */ = {isa = PBXBuildFile; fileRef = A5D9105926B9955C00AAF35E /* ViewItemsOverviewInteractor.swift */; };
		A5D9106026B9955C00AAF35E /* ViewItemsOverviewView.swift in Sources */ = {isa = PBXBuildFile; fileRef = A5D9105A26B9955C00AAF35E /* ViewItemsOverviewView.swift */; };
		A5D9106126B9955C00AAF35E /* ViewItemsOverviewService.swift in Sources */ = {isa = PBXBuildFile; fileRef = A5D9105B26B9955C00AAF35E /* ViewItemsOverviewService.swift */; };
		A5D9106526B9956900AAF35E /* ViewItemsOverviewInteractorTests.swift in Sources */ = {isa = PBXBuildFile; fileRef = A5D9106226B9956900AAF35E /* ViewItemsOverviewInteractorTests.swift */; };
		A5D9106626B9956900AAF35E /* ViewItemsOverviewPresenterTests.swift in Sources */ = {isa = PBXBuildFile; fileRef = A5D9106326B9956900AAF35E /* ViewItemsOverviewPresenterTests.swift */; };
		A5D9106726B9956900AAF35E /* ViewItemsOverviewServiceTests.swift in Sources */ = {isa = PBXBuildFile; fileRef = A5D9106426B9956900AAF35E /* ViewItemsOverviewServiceTests.swift */; };
		A5D9106C26B9966500AAF35E /* ErrorSheetModels.swift in Sources */ = {isa = PBXBuildFile; fileRef = A5D9106B26B9960300AAF35E /* ErrorSheetModels.swift */; };
		A5D9106D26B9966500AAF35E /* ErrorSheetView.swift in Sources */ = {isa = PBXBuildFile; fileRef = A5D9106A26B9960300AAF35E /* ErrorSheetView.swift */; };
		A5D9107126B9973900AAF35E /* Color+Extensions.swift in Sources */ = {isa = PBXBuildFile; fileRef = A5D9107026B996B500AAF35E /* Color+Extensions.swift */; };
		A5D9107226B9974600AAF35E /* StandardButton.swift in Sources */ = {isa = PBXBuildFile; fileRef = A5D9106E26B9968500AAF35E /* StandardButton.swift */; };
		A5D9107526B99A3500AAF35E /* Logo.swift in Sources */ = {isa = PBXBuildFile; fileRef = A5D9107426B99A3500AAF35E /* Logo.swift */; };
		A5D9107726B99AC300AAF35E /* View+Extensions.swift in Sources */ = {isa = PBXBuildFile; fileRef = A5D9107626B99AC300AAF35E /* View+Extensions.swift */; };
		A5D9107926B99D8D00AAF35E /* Font+Extensions.swift in Sources */ = {isa = PBXBuildFile; fileRef = A5D9107826B99D8D00AAF35E /* Font+Extensions.swift */; };
		A5D9108126B9B40000AAF35E /* EditItemPresenter.swift in Sources */ = {isa = PBXBuildFile; fileRef = A5D9107B26B9B40000AAF35E /* EditItemPresenter.swift */; };
		A5D9108226B9B40000AAF35E /* EditItemModels.swift in Sources */ = {isa = PBXBuildFile; fileRef = A5D9107C26B9B40000AAF35E /* EditItemModels.swift */; };
		A5D9108326B9B40000AAF35E /* EditItemScene.swift in Sources */ = {isa = PBXBuildFile; fileRef = A5D9107D26B9B40000AAF35E /* EditItemScene.swift */; };
		A5D9108426B9B40000AAF35E /* EditItemInteractor.swift in Sources */ = {isa = PBXBuildFile; fileRef = A5D9107E26B9B40000AAF35E /* EditItemInteractor.swift */; };
		A5D9108526B9B40000AAF35E /* EditItemView.swift in Sources */ = {isa = PBXBuildFile; fileRef = A5D9107F26B9B40000AAF35E /* EditItemView.swift */; };
		A5D9108626B9B40000AAF35E /* EditItemService.swift in Sources */ = {isa = PBXBuildFile; fileRef = A5D9108026B9B40000AAF35E /* EditItemService.swift */; };
		A5D9108A26B9B40D00AAF35E /* EditItemInteractorTests.swift in Sources */ = {isa = PBXBuildFile; fileRef = A5D9108726B9B40D00AAF35E /* EditItemInteractorTests.swift */; };
		A5D9108B26B9B40D00AAF35E /* EditItemPresenterTests.swift in Sources */ = {isa = PBXBuildFile; fileRef = A5D9108826B9B40D00AAF35E /* EditItemPresenterTests.swift */; };
		A5D9108C26B9B40D00AAF35E /* EditItemServiceTests.swift in Sources */ = {isa = PBXBuildFile; fileRef = A5D9108926B9B40D00AAF35E /* EditItemServiceTests.swift */; };
		A5D9108E26B9C7A200AAF35E /* Item.swift in Sources */ = {isa = PBXBuildFile; fileRef = A5D9108D26B9C7A200AAF35E /* Item.swift */; };
		A5D9109E26B9C87D00AAF35E /* Persistence.framework in Frameworks */ = {isa = PBXBuildFile; fileRef = A5D9109426B9C87D00AAF35E /* Persistence.framework */; };
		A5D910A526B9C87D00AAF35E /* PersistenceTests.swift in Sources */ = {isa = PBXBuildFile; fileRef = A5D910A426B9C87D00AAF35E /* PersistenceTests.swift */; };
		A5D910A626B9C87D00AAF35E /* Persistence.h in Headers */ = {isa = PBXBuildFile; fileRef = A5D9109626B9C87D00AAF35E /* Persistence.h */; settings = {ATTRIBUTES = (Public, ); }; };
		A5D910A926B9C87D00AAF35E /* Persistence.framework in Frameworks */ = {isa = PBXBuildFile; fileRef = A5D9109426B9C87D00AAF35E /* Persistence.framework */; };
		A5D910AA26B9C87D00AAF35E /* Persistence.framework in Embed Frameworks */ = {isa = PBXBuildFile; fileRef = A5D9109426B9C87D00AAF35E /* Persistence.framework */; settings = {ATTRIBUTES = (CodeSignOnCopy, RemoveHeadersOnCopy, ); }; };
		A5D910B326B9C8D000AAF35E /* Inventory.xcdatamodeld in Sources */ = {isa = PBXBuildFile; fileRef = A5D9102D26B98E7A00AAF35E /* Inventory.xcdatamodeld */; };
		A5D910B726B9C99300AAF35E /* Logging.swift in Sources */ = {isa = PBXBuildFile; fileRef = A5D910B426B9C99200AAF35E /* Logging.swift */; };
		A5D910B826B9C99300AAF35E /* CoreDataStore.swift in Sources */ = {isa = PBXBuildFile; fileRef = A5D910B526B9C99200AAF35E /* CoreDataStore.swift */; };
		A5D910BC26B9CAB700AAF35E /* CoreDataStoreTests.swift in Sources */ = {isa = PBXBuildFile; fileRef = A5D910B626B9C99200AAF35E /* CoreDataStoreTests.swift */; };
		A5D910D526B9CCF900AAF35E /* CoreDataStoreStorageFactory.swift in Sources */ = {isa = PBXBuildFile; fileRef = A5D910D226B9CCC500AAF35E /* CoreDataStoreStorageFactory.swift */; };
		A5D910D626B9CCF900AAF35E /* RepositoryAction.swift in Sources */ = {isa = PBXBuildFile; fileRef = A5D910C226B9CCC500AAF35E /* RepositoryAction.swift */; };
		A5D910D726B9CCF900AAF35E /* CoreDataStorage.swift in Sources */ = {isa = PBXBuildFile; fileRef = A5D910CF26B9CCC500AAF35E /* CoreDataStorage.swift */; };
		A5D910D826B9CCF900AAF35E /* StorageToDomainTransformer.swift in Sources */ = {isa = PBXBuildFile; fileRef = A5D910C726B9CCC500AAF35E /* StorageToDomainTransformer.swift */; };
		A5D910D926B9CCF900AAF35E /* RepositoryRoot.swift in Sources */ = {isa = PBXBuildFile; fileRef = A5D910C026B9CCC500AAF35E /* RepositoryRoot.swift */; };
		A5D910DA26B9CCF900AAF35E /* CoreDataStorage+Write.swift in Sources */ = {isa = PBXBuildFile; fileRef = A5D910D026B9CCC500AAF35E /* CoreDataStorage+Write.swift */; };
		A5D910DB26B9CCF900AAF35E /* DomainToStorageTransformer.swift in Sources */ = {isa = PBXBuildFile; fileRef = A5D910CA26B9CCC500AAF35E /* DomainToStorageTransformer.swift */; };
		A5D910DC26B9CCF900AAF35E /* ItemRepository.swift in Sources */ = {isa = PBXBuildFile; fileRef = A5D910C426B9CCC500AAF35E /* ItemRepository.swift */; };
		A5D910DD26B9CCF900AAF35E /* CoreDataStorage+Read.swift in Sources */ = {isa = PBXBuildFile; fileRef = A5D910D326B9CCC500AAF35E /* CoreDataStorage+Read.swift */; };
		A5D910DE26B9CCF900AAF35E /* Storage.swift in Sources */ = {isa = PBXBuildFile; fileRef = A5D910CC26B9CCC500AAF35E /* Storage.swift */; };
		A5D910DF26B9CD0400AAF35E /* StorageToDomainTransformerTests.swift in Sources */ = {isa = PBXBuildFile; fileRef = A5D910C926B9CCC500AAF35E /* StorageToDomainTransformerTests.swift */; };
		A5D910E026B9CD0400AAF35E /* ItemRepositoryTests.swift in Sources */ = {isa = PBXBuildFile; fileRef = A5D910C526B9CCC500AAF35E /* ItemRepositoryTests.swift */; };
		A5D910E126B9CD0400AAF35E /* DomainToStorageTransformerTests.swift in Sources */ = {isa = PBXBuildFile; fileRef = A5D910C826B9CCC500AAF35E /* DomainToStorageTransformerTests.swift */; };
		A5D910E226B9CD0400AAF35E /* CoreDataStorage+ReadTests.swift in Sources */ = {isa = PBXBuildFile; fileRef = A5D910CE26B9CCC500AAF35E /* CoreDataStorage+ReadTests.swift */; };
		A5D910E326B9CD0400AAF35E /* CoreDataStoreStorageFactoryTests.swift in Sources */ = {isa = PBXBuildFile; fileRef = A5D910D126B9CCC500AAF35E /* CoreDataStoreStorageFactoryTests.swift */; };
		A5D910E426B9CD0400AAF35E /* CoreDataStorage+WriteTests.swift in Sources */ = {isa = PBXBuildFile; fileRef = A5D910D426B9CCC500AAF35E /* CoreDataStorage+WriteTests.swift */; };
		A5D910E726B9D68B00AAF35E /* Optional+Extensions.swift in Sources */ = {isa = PBXBuildFile; fileRef = A5D910E626B9D68B00AAF35E /* Optional+Extensions.swift */; };
		A5DC0B7E26BB1ADD00D82987 /* EditProjectScene.swift in Sources */ = {isa = PBXBuildFile; fileRef = A5DC0B7526BB1A3700D82987 /* EditProjectScene.swift */; };
		A5DC0B7F26BB1ADD00D82987 /* EditProjectService.swift in Sources */ = {isa = PBXBuildFile; fileRef = A5DC0B7626BB1A3800D82987 /* EditProjectService.swift */; };
		A5DC0B8026BB1ADD00D82987 /* EditProjectInteractor.swift in Sources */ = {isa = PBXBuildFile; fileRef = A5DC0B7826BB1A3800D82987 /* EditProjectInteractor.swift */; };
		A5DC0B8126BB1ADD00D82987 /* EditProjectModels.swift in Sources */ = {isa = PBXBuildFile; fileRef = A5DC0B7D26BB1A3800D82987 /* EditProjectModels.swift */; };
		A5DC0B8226BB1ADD00D82987 /* EditProjectPresenter.swift in Sources */ = {isa = PBXBuildFile; fileRef = A5DC0B7C26BB1A3800D82987 /* EditProjectPresenter.swift */; };
		A5DC0B8326BB1ADD00D82987 /* EditProjectView.swift in Sources */ = {isa = PBXBuildFile; fileRef = A5DC0B7B26BB1A3800D82987 /* EditProjectView.swift */; };
		A5DC0B8426BB1AE100D82987 /* EditProjectServiceTests.swift in Sources */ = {isa = PBXBuildFile; fileRef = A5DC0B7A26BB1A3800D82987 /* EditProjectServiceTests.swift */; };
		A5DC0B8526BB1AE100D82987 /* EditProjectInteractorTests.swift in Sources */ = {isa = PBXBuildFile; fileRef = A5DC0B7726BB1A3800D82987 /* EditProjectInteractorTests.swift */; };
		A5DC0B8626BB1AE100D82987 /* EditProjectPresenterTests.swift in Sources */ = {isa = PBXBuildFile; fileRef = A5DC0B7926BB1A3800D82987 /* EditProjectPresenterTests.swift */; };
		A5DC0B8826BB230D00D82987 /* ItemsGrid.swift in Sources */ = {isa = PBXBuildFile; fileRef = A5DC0B8726BB230D00D82987 /* ItemsGrid.swift */; };
/* End PBXBuildFile section */

/* Begin PBXContainerItemProxy section */
		A5D9103526B98E7A00AAF35E /* PBXContainerItemProxy */ = {
			isa = PBXContainerItemProxy;
			containerPortal = A5D9101726B98E7900AAF35E /* Project object */;
			proxyType = 1;
			remoteGlobalIDString = A5D9101E26B98E7900AAF35E;
			remoteInfo = Inventory;
		};
		A5D9109F26B9C87D00AAF35E /* PBXContainerItemProxy */ = {
			isa = PBXContainerItemProxy;
			containerPortal = A5D9101726B98E7900AAF35E /* Project object */;
			proxyType = 1;
			remoteGlobalIDString = A5D9109326B9C87D00AAF35E;
			remoteInfo = Persistence;
		};
		A5D910A126B9C87D00AAF35E /* PBXContainerItemProxy */ = {
			isa = PBXContainerItemProxy;
			containerPortal = A5D9101726B98E7900AAF35E /* Project object */;
			proxyType = 1;
			remoteGlobalIDString = A5D9101E26B98E7900AAF35E;
			remoteInfo = Inventory;
		};
		A5D910A726B9C87D00AAF35E /* PBXContainerItemProxy */ = {
			isa = PBXContainerItemProxy;
			containerPortal = A5D9101726B98E7900AAF35E /* Project object */;
			proxyType = 1;
			remoteGlobalIDString = A5D9109326B9C87D00AAF35E;
			remoteInfo = Persistence;
		};
/* End PBXContainerItemProxy section */

/* Begin PBXCopyFilesBuildPhase section */
		A5D910AE26B9C87D00AAF35E /* Embed Frameworks */ = {
			isa = PBXCopyFilesBuildPhase;
			buildActionMask = 2147483647;
			dstPath = "";
			dstSubfolderSpec = 10;
			files = (
				A5D910AA26B9C87D00AAF35E /* Persistence.framework in Embed Frameworks */,
			);
			name = "Embed Frameworks";
			runOnlyForDeploymentPostprocessing = 0;
		};
/* End PBXCopyFilesBuildPhase section */

/* Begin PBXFileReference section */
		A53F2D3326BAF2B300F261EA /* MainTabView.swift */ = {isa = PBXFileReference; lastKnownFileType = sourcecode.swift; path = MainTabView.swift; sourceTree = "<group>"; };
		A53F2D3726BAF53900F261EA /* ViewProjectsOverviewPresenter.swift */ = {isa = PBXFileReference; lastKnownFileType = sourcecode.swift; path = ViewProjectsOverviewPresenter.swift; sourceTree = "<group>"; };
		A53F2D3826BAF53900F261EA /* ViewProjectsOverviewInteractor.swift */ = {isa = PBXFileReference; lastKnownFileType = sourcecode.swift; path = ViewProjectsOverviewInteractor.swift; sourceTree = "<group>"; };
		A53F2D3926BAF53900F261EA /* ViewProjectsOverviewScene.swift */ = {isa = PBXFileReference; lastKnownFileType = sourcecode.swift; path = ViewProjectsOverviewScene.swift; sourceTree = "<group>"; };
		A53F2D3A26BAF53900F261EA /* ViewProjectsOverviewService.swift */ = {isa = PBXFileReference; lastKnownFileType = sourcecode.swift; path = ViewProjectsOverviewService.swift; sourceTree = "<group>"; };
		A53F2D3B26BAF53900F261EA /* ViewProjectsOverviewView.swift */ = {isa = PBXFileReference; lastKnownFileType = sourcecode.swift; path = ViewProjectsOverviewView.swift; sourceTree = "<group>"; };
		A53F2D3C26BAF53900F261EA /* ViewProjectsOverviewModels.swift */ = {isa = PBXFileReference; lastKnownFileType = sourcecode.swift; path = ViewProjectsOverviewModels.swift; sourceTree = "<group>"; };
		A53F2D3D26BAF53900F261EA /* ViewProjectsOverviewInteractorTests.swift */ = {isa = PBXFileReference; lastKnownFileType = sourcecode.swift; path = ViewProjectsOverviewInteractorTests.swift; sourceTree = "<group>"; };
		A53F2D3E26BAF53900F261EA /* ViewProjectsOverviewPresenterTests.swift */ = {isa = PBXFileReference; lastKnownFileType = sourcecode.swift; path = ViewProjectsOverviewPresenterTests.swift; sourceTree = "<group>"; };
		A53F2D3F26BAF53900F261EA /* ViewProjectsOverviewServiceTests.swift */ = {isa = PBXFileReference; lastKnownFileType = sourcecode.swift; path = ViewProjectsOverviewServiceTests.swift; sourceTree = "<group>"; };
		A53F2D4926BAF64800F261EA /* DeleteButton.swift */ = {isa = PBXFileReference; lastKnownFileType = sourcecode.swift; path = DeleteButton.swift; sourceTree = "<group>"; };
		A53F2D4B26BAFBFB00F261EA /* ProjectRepository.swift */ = {isa = PBXFileReference; lastKnownFileType = sourcecode.swift; path = ProjectRepository.swift; sourceTree = "<group>"; };
		A53F2D4C26BAFBFB00F261EA /* ProjectRepositoryTests.swift */ = {isa = PBXFileReference; lastKnownFileType = sourcecode.swift; path = ProjectRepositoryTests.swift; sourceTree = "<group>"; };
		A53F2D4F26BAFCE800F261EA /* Project.swift */ = {isa = PBXFileReference; lastKnownFileType = sourcecode.swift; path = Project.swift; sourceTree = "<group>"; };
		A5D9101F26B98E7900AAF35E /* Inventory.app */ = {isa = PBXFileReference; explicitFileType = wrapper.application; includeInIndex = 0; path = Inventory.app; sourceTree = BUILT_PRODUCTS_DIR; };
		A5D9102226B98E7900AAF35E /* InventoryApp.swift */ = {isa = PBXFileReference; lastKnownFileType = sourcecode.swift; path = InventoryApp.swift; sourceTree = "<group>"; };
		A5D9102626B98E7A00AAF35E /* Assets.xcassets */ = {isa = PBXFileReference; lastKnownFileType = folder.assetcatalog; path = Assets.xcassets; sourceTree = "<group>"; };
		A5D9102926B98E7A00AAF35E /* Preview Assets.xcassets */ = {isa = PBXFileReference; lastKnownFileType = folder.assetcatalog; path = "Preview Assets.xcassets"; sourceTree = "<group>"; };
		A5D9102E26B98E7A00AAF35E /* Inventory.xcdatamodel */ = {isa = PBXFileReference; lastKnownFileType = wrapper.xcdatamodel; path = Inventory.xcdatamodel; sourceTree = "<group>"; };
		A5D9103426B98E7A00AAF35E /* InventoryTests.xctest */ = {isa = PBXFileReference; explicitFileType = wrapper.cfbundle; includeInIndex = 0; path = InventoryTests.xctest; sourceTree = BUILT_PRODUCTS_DIR; };
		A5D9103826B98E7A00AAF35E /* InventoryTests.swift */ = {isa = PBXFileReference; lastKnownFileType = sourcecode.swift; path = InventoryTests.swift; sourceTree = "<group>"; };
		A5D9105626B9955C00AAF35E /* ViewItemsOverviewPresenter.swift */ = {isa = PBXFileReference; lastKnownFileType = sourcecode.swift; path = ViewItemsOverviewPresenter.swift; sourceTree = "<group>"; };
		A5D9105726B9955C00AAF35E /* ViewItemsOverviewModels.swift */ = {isa = PBXFileReference; lastKnownFileType = sourcecode.swift; path = ViewItemsOverviewModels.swift; sourceTree = "<group>"; };
		A5D9105826B9955C00AAF35E /* ViewItemsOverviewScene.swift */ = {isa = PBXFileReference; lastKnownFileType = sourcecode.swift; path = ViewItemsOverviewScene.swift; sourceTree = "<group>"; };
		A5D9105926B9955C00AAF35E /* ViewItemsOverviewInteractor.swift */ = {isa = PBXFileReference; lastKnownFileType = sourcecode.swift; path = ViewItemsOverviewInteractor.swift; sourceTree = "<group>"; };
		A5D9105A26B9955C00AAF35E /* ViewItemsOverviewView.swift */ = {isa = PBXFileReference; lastKnownFileType = sourcecode.swift; path = ViewItemsOverviewView.swift; sourceTree = "<group>"; };
		A5D9105B26B9955C00AAF35E /* ViewItemsOverviewService.swift */ = {isa = PBXFileReference; lastKnownFileType = sourcecode.swift; path = ViewItemsOverviewService.swift; sourceTree = "<group>"; };
		A5D9106226B9956900AAF35E /* ViewItemsOverviewInteractorTests.swift */ = {isa = PBXFileReference; lastKnownFileType = sourcecode.swift; path = ViewItemsOverviewInteractorTests.swift; sourceTree = "<group>"; };
		A5D9106326B9956900AAF35E /* ViewItemsOverviewPresenterTests.swift */ = {isa = PBXFileReference; lastKnownFileType = sourcecode.swift; path = ViewItemsOverviewPresenterTests.swift; sourceTree = "<group>"; };
		A5D9106426B9956900AAF35E /* ViewItemsOverviewServiceTests.swift */ = {isa = PBXFileReference; lastKnownFileType = sourcecode.swift; path = ViewItemsOverviewServiceTests.swift; sourceTree = "<group>"; };
		A5D9106A26B9960300AAF35E /* ErrorSheetView.swift */ = {isa = PBXFileReference; lastKnownFileType = sourcecode.swift; path = ErrorSheetView.swift; sourceTree = "<group>"; };
		A5D9106B26B9960300AAF35E /* ErrorSheetModels.swift */ = {isa = PBXFileReference; lastKnownFileType = sourcecode.swift; path = ErrorSheetModels.swift; sourceTree = "<group>"; };
		A5D9106E26B9968500AAF35E /* StandardButton.swift */ = {isa = PBXFileReference; lastKnownFileType = sourcecode.swift; path = StandardButton.swift; sourceTree = "<group>"; };
		A5D9107026B996B500AAF35E /* Color+Extensions.swift */ = {isa = PBXFileReference; lastKnownFileType = sourcecode.swift; path = "Color+Extensions.swift"; sourceTree = "<group>"; };
		A5D9107426B99A3500AAF35E /* Logo.swift */ = {isa = PBXFileReference; lastKnownFileType = sourcecode.swift; path = Logo.swift; sourceTree = "<group>"; };
		A5D9107626B99AC300AAF35E /* View+Extensions.swift */ = {isa = PBXFileReference; lastKnownFileType = sourcecode.swift; path = "View+Extensions.swift"; sourceTree = "<group>"; };
		A5D9107826B99D8D00AAF35E /* Font+Extensions.swift */ = {isa = PBXFileReference; lastKnownFileType = sourcecode.swift; path = "Font+Extensions.swift"; sourceTree = "<group>"; };
		A5D9107B26B9B40000AAF35E /* EditItemPresenter.swift */ = {isa = PBXFileReference; lastKnownFileType = sourcecode.swift; path = EditItemPresenter.swift; sourceTree = "<group>"; };
		A5D9107C26B9B40000AAF35E /* EditItemModels.swift */ = {isa = PBXFileReference; lastKnownFileType = sourcecode.swift; path = EditItemModels.swift; sourceTree = "<group>"; };
		A5D9107D26B9B40000AAF35E /* EditItemScene.swift */ = {isa = PBXFileReference; lastKnownFileType = sourcecode.swift; path = EditItemScene.swift; sourceTree = "<group>"; };
		A5D9107E26B9B40000AAF35E /* EditItemInteractor.swift */ = {isa = PBXFileReference; lastKnownFileType = sourcecode.swift; path = EditItemInteractor.swift; sourceTree = "<group>"; };
		A5D9107F26B9B40000AAF35E /* EditItemView.swift */ = {isa = PBXFileReference; lastKnownFileType = sourcecode.swift; path = EditItemView.swift; sourceTree = "<group>"; };
		A5D9108026B9B40000AAF35E /* EditItemService.swift */ = {isa = PBXFileReference; lastKnownFileType = sourcecode.swift; path = EditItemService.swift; sourceTree = "<group>"; };
		A5D9108726B9B40D00AAF35E /* EditItemInteractorTests.swift */ = {isa = PBXFileReference; lastKnownFileType = sourcecode.swift; path = EditItemInteractorTests.swift; sourceTree = "<group>"; };
		A5D9108826B9B40D00AAF35E /* EditItemPresenterTests.swift */ = {isa = PBXFileReference; lastKnownFileType = sourcecode.swift; path = EditItemPresenterTests.swift; sourceTree = "<group>"; };
		A5D9108926B9B40D00AAF35E /* EditItemServiceTests.swift */ = {isa = PBXFileReference; lastKnownFileType = sourcecode.swift; path = EditItemServiceTests.swift; sourceTree = "<group>"; };
		A5D9108D26B9C7A200AAF35E /* Item.swift */ = {isa = PBXFileReference; lastKnownFileType = sourcecode.swift; path = Item.swift; sourceTree = "<group>"; };
		A5D9109426B9C87D00AAF35E /* Persistence.framework */ = {isa = PBXFileReference; explicitFileType = wrapper.framework; includeInIndex = 0; path = Persistence.framework; sourceTree = BUILT_PRODUCTS_DIR; };
		A5D9109626B9C87D00AAF35E /* Persistence.h */ = {isa = PBXFileReference; lastKnownFileType = sourcecode.c.h; path = Persistence.h; sourceTree = "<group>"; };
		A5D9109D26B9C87D00AAF35E /* PersistenceTests.xctest */ = {isa = PBXFileReference; explicitFileType = wrapper.cfbundle; includeInIndex = 0; path = PersistenceTests.xctest; sourceTree = BUILT_PRODUCTS_DIR; };
		A5D910A426B9C87D00AAF35E /* PersistenceTests.swift */ = {isa = PBXFileReference; lastKnownFileType = sourcecode.swift; path = PersistenceTests.swift; sourceTree = "<group>"; };
		A5D910B426B9C99200AAF35E /* Logging.swift */ = {isa = PBXFileReference; fileEncoding = 4; lastKnownFileType = sourcecode.swift; path = Logging.swift; sourceTree = "<group>"; };
		A5D910B526B9C99200AAF35E /* CoreDataStore.swift */ = {isa = PBXFileReference; fileEncoding = 4; lastKnownFileType = sourcecode.swift; path = CoreDataStore.swift; sourceTree = "<group>"; };
		A5D910B626B9C99200AAF35E /* CoreDataStoreTests.swift */ = {isa = PBXFileReference; fileEncoding = 4; lastKnownFileType = sourcecode.swift; path = CoreDataStoreTests.swift; sourceTree = "<group>"; };
		A5D910C026B9CCC500AAF35E /* RepositoryRoot.swift */ = {isa = PBXFileReference; lastKnownFileType = sourcecode.swift; path = RepositoryRoot.swift; sourceTree = "<group>"; };
		A5D910C226B9CCC500AAF35E /* RepositoryAction.swift */ = {isa = PBXFileReference; lastKnownFileType = sourcecode.swift; path = RepositoryAction.swift; sourceTree = "<group>"; };
		A5D910C426B9CCC500AAF35E /* ItemRepository.swift */ = {isa = PBXFileReference; lastKnownFileType = sourcecode.swift; path = ItemRepository.swift; sourceTree = "<group>"; };
		A5D910C526B9CCC500AAF35E /* ItemRepositoryTests.swift */ = {isa = PBXFileReference; lastKnownFileType = sourcecode.swift; path = ItemRepositoryTests.swift; sourceTree = "<group>"; };
		A5D910C726B9CCC500AAF35E /* StorageToDomainTransformer.swift */ = {isa = PBXFileReference; lastKnownFileType = sourcecode.swift; path = StorageToDomainTransformer.swift; sourceTree = "<group>"; };
		A5D910C826B9CCC500AAF35E /* DomainToStorageTransformerTests.swift */ = {isa = PBXFileReference; lastKnownFileType = sourcecode.swift; path = DomainToStorageTransformerTests.swift; sourceTree = "<group>"; };
		A5D910C926B9CCC500AAF35E /* StorageToDomainTransformerTests.swift */ = {isa = PBXFileReference; lastKnownFileType = sourcecode.swift; path = StorageToDomainTransformerTests.swift; sourceTree = "<group>"; };
		A5D910CA26B9CCC500AAF35E /* DomainToStorageTransformer.swift */ = {isa = PBXFileReference; lastKnownFileType = sourcecode.swift; path = DomainToStorageTransformer.swift; sourceTree = "<group>"; };
		A5D910CC26B9CCC500AAF35E /* Storage.swift */ = {isa = PBXFileReference; lastKnownFileType = sourcecode.swift; path = Storage.swift; sourceTree = "<group>"; };
		A5D910CE26B9CCC500AAF35E /* CoreDataStorage+ReadTests.swift */ = {isa = PBXFileReference; lastKnownFileType = sourcecode.swift; path = "CoreDataStorage+ReadTests.swift"; sourceTree = "<group>"; };
		A5D910CF26B9CCC500AAF35E /* CoreDataStorage.swift */ = {isa = PBXFileReference; lastKnownFileType = sourcecode.swift; path = CoreDataStorage.swift; sourceTree = "<group>"; };
		A5D910D026B9CCC500AAF35E /* CoreDataStorage+Write.swift */ = {isa = PBXFileReference; lastKnownFileType = sourcecode.swift; path = "CoreDataStorage+Write.swift"; sourceTree = "<group>"; };
		A5D910D126B9CCC500AAF35E /* CoreDataStoreStorageFactoryTests.swift */ = {isa = PBXFileReference; lastKnownFileType = sourcecode.swift; path = CoreDataStoreStorageFactoryTests.swift; sourceTree = "<group>"; };
		A5D910D226B9CCC500AAF35E /* CoreDataStoreStorageFactory.swift */ = {isa = PBXFileReference; lastKnownFileType = sourcecode.swift; path = CoreDataStoreStorageFactory.swift; sourceTree = "<group>"; };
		A5D910D326B9CCC500AAF35E /* CoreDataStorage+Read.swift */ = {isa = PBXFileReference; lastKnownFileType = sourcecode.swift; path = "CoreDataStorage+Read.swift"; sourceTree = "<group>"; };
		A5D910D426B9CCC500AAF35E /* CoreDataStorage+WriteTests.swift */ = {isa = PBXFileReference; lastKnownFileType = sourcecode.swift; path = "CoreDataStorage+WriteTests.swift"; sourceTree = "<group>"; };
		A5D910E626B9D68B00AAF35E /* Optional+Extensions.swift */ = {isa = PBXFileReference; lastKnownFileType = sourcecode.swift; path = "Optional+Extensions.swift"; sourceTree = "<group>"; };
		A5DC0B7526BB1A3700D82987 /* EditProjectScene.swift */ = {isa = PBXFileReference; lastKnownFileType = sourcecode.swift; path = EditProjectScene.swift; sourceTree = "<group>"; };
		A5DC0B7626BB1A3800D82987 /* EditProjectService.swift */ = {isa = PBXFileReference; lastKnownFileType = sourcecode.swift; path = EditProjectService.swift; sourceTree = "<group>"; };
		A5DC0B7726BB1A3800D82987 /* EditProjectInteractorTests.swift */ = {isa = PBXFileReference; lastKnownFileType = sourcecode.swift; path = EditProjectInteractorTests.swift; sourceTree = "<group>"; };
		A5DC0B7826BB1A3800D82987 /* EditProjectInteractor.swift */ = {isa = PBXFileReference; lastKnownFileType = sourcecode.swift; path = EditProjectInteractor.swift; sourceTree = "<group>"; };
		A5DC0B7926BB1A3800D82987 /* EditProjectPresenterTests.swift */ = {isa = PBXFileReference; lastKnownFileType = sourcecode.swift; path = EditProjectPresenterTests.swift; sourceTree = "<group>"; };
		A5DC0B7A26BB1A3800D82987 /* EditProjectServiceTests.swift */ = {isa = PBXFileReference; lastKnownFileType = sourcecode.swift; path = EditProjectServiceTests.swift; sourceTree = "<group>"; };
		A5DC0B7B26BB1A3800D82987 /* EditProjectView.swift */ = {isa = PBXFileReference; lastKnownFileType = sourcecode.swift; path = EditProjectView.swift; sourceTree = "<group>"; };
		A5DC0B7C26BB1A3800D82987 /* EditProjectPresenter.swift */ = {isa = PBXFileReference; lastKnownFileType = sourcecode.swift; path = EditProjectPresenter.swift; sourceTree = "<group>"; };
		A5DC0B7D26BB1A3800D82987 /* EditProjectModels.swift */ = {isa = PBXFileReference; lastKnownFileType = sourcecode.swift; path = EditProjectModels.swift; sourceTree = "<group>"; };
		A5DC0B8726BB230D00D82987 /* ItemsGrid.swift */ = {isa = PBXFileReference; lastKnownFileType = sourcecode.swift; path = ItemsGrid.swift; sourceTree = "<group>"; };
/* End PBXFileReference section */

/* Begin PBXFrameworksBuildPhase section */
		A5D9101C26B98E7900AAF35E /* Frameworks */ = {
			isa = PBXFrameworksBuildPhase;
			buildActionMask = 2147483647;
			files = (
				A5D910A926B9C87D00AAF35E /* Persistence.framework in Frameworks */,
			);
			runOnlyForDeploymentPostprocessing = 0;
		};
		A5D9103126B98E7A00AAF35E /* Frameworks */ = {
			isa = PBXFrameworksBuildPhase;
			buildActionMask = 2147483647;
			files = (
			);
			runOnlyForDeploymentPostprocessing = 0;
		};
		A5D9109126B9C87D00AAF35E /* Frameworks */ = {
			isa = PBXFrameworksBuildPhase;
			buildActionMask = 2147483647;
			files = (
			);
			runOnlyForDeploymentPostprocessing = 0;
		};
		A5D9109A26B9C87D00AAF35E /* Frameworks */ = {
			isa = PBXFrameworksBuildPhase;
			buildActionMask = 2147483647;
			files = (
				A5D9109E26B9C87D00AAF35E /* Persistence.framework in Frameworks */,
			);
			runOnlyForDeploymentPostprocessing = 0;
		};
/* End PBXFrameworksBuildPhase section */

/* Begin PBXGroup section */
		A53F2D3526BAF50A00F261EA /* ViewProjectsOverview */ = {
			isa = PBXGroup;
			children = (
				A53F2D3826BAF53900F261EA /* ViewProjectsOverviewInteractor.swift */,
				A53F2D3D26BAF53900F261EA /* ViewProjectsOverviewInteractorTests.swift */,
				A53F2D3C26BAF53900F261EA /* ViewProjectsOverviewModels.swift */,
				A53F2D3726BAF53900F261EA /* ViewProjectsOverviewPresenter.swift */,
				A53F2D3E26BAF53900F261EA /* ViewProjectsOverviewPresenterTests.swift */,
				A53F2D3926BAF53900F261EA /* ViewProjectsOverviewScene.swift */,
				A53F2D3A26BAF53900F261EA /* ViewProjectsOverviewService.swift */,
				A53F2D3F26BAF53900F261EA /* ViewProjectsOverviewServiceTests.swift */,
				A53F2D3B26BAF53900F261EA /* ViewProjectsOverviewView.swift */,
			);
			path = ViewProjectsOverview;
			sourceTree = "<group>";
		};
		A53F2D3626BAF51600F261EA /* EditProject */ = {
			isa = PBXGroup;
			children = (
				A5DC0B7826BB1A3800D82987 /* EditProjectInteractor.swift */,
				A5DC0B7726BB1A3800D82987 /* EditProjectInteractorTests.swift */,
				A5DC0B7D26BB1A3800D82987 /* EditProjectModels.swift */,
				A5DC0B7C26BB1A3800D82987 /* EditProjectPresenter.swift */,
				A5DC0B7926BB1A3800D82987 /* EditProjectPresenterTests.swift */,
				A5DC0B7526BB1A3700D82987 /* EditProjectScene.swift */,
				A5DC0B7626BB1A3800D82987 /* EditProjectService.swift */,
				A5DC0B7A26BB1A3800D82987 /* EditProjectServiceTests.swift */,
				A5DC0B7B26BB1A3800D82987 /* EditProjectView.swift */,
			);
			path = EditProject;
			sourceTree = "<group>";
		};
		A5D9101626B98E7900AAF35E = {
			isa = PBXGroup;
			children = (
				A5D9102126B98E7900AAF35E /* Inventory */,
				A5D9103726B98E7A00AAF35E /* InventoryTests */,
				A5D9109526B9C87D00AAF35E /* Persistence */,
				A5D910A326B9C87D00AAF35E /* PersistenceTests */,
				A5D9102026B98E7900AAF35E /* Products */,
			);
			sourceTree = "<group>";
		};
		A5D9102026B98E7900AAF35E /* Products */ = {
			isa = PBXGroup;
			children = (
				A5D9101F26B98E7900AAF35E /* Inventory.app */,
				A5D9103426B98E7A00AAF35E /* InventoryTests.xctest */,
				A5D9109426B9C87D00AAF35E /* Persistence.framework */,
				A5D9109D26B9C87D00AAF35E /* PersistenceTests.xctest */,
			);
			name = Products;
			sourceTree = "<group>";
		};
		A5D9102126B98E7900AAF35E /* Inventory */ = {
			isa = PBXGroup;
			children = (
				A5D9105126B98F1400AAF35E /* Presentation */,
				A5D9105226B98F1A00AAF35E /* Application */,
				A5D9105326B98F1E00AAF35E /* Domain */,
			);
			path = Inventory;
			sourceTree = "<group>";
		};
		A5D9102826B98E7A00AAF35E /* Preview Content */ = {
			isa = PBXGroup;
			children = (
				A5D9102926B98E7A00AAF35E /* Preview Assets.xcassets */,
			);
			path = "Preview Content";
			sourceTree = "<group>";
		};
		A5D9103726B98E7A00AAF35E /* InventoryTests */ = {
			isa = PBXGroup;
			children = (
				A5D9103826B98E7A00AAF35E /* InventoryTests.swift */,
			);
			path = InventoryTests;
			sourceTree = "<group>";
		};
		A5D9105026B98F0800AAF35E /* Main */ = {
			isa = PBXGroup;
			children = (
				A5D9102226B98E7900AAF35E /* InventoryApp.swift */,
				A5D9102626B98E7A00AAF35E /* Assets.xcassets */,
				A5D9102826B98E7A00AAF35E /* Preview Content */,
			);
			path = Main;
			sourceTree = "<group>";
		};
		A5D9105126B98F1400AAF35E /* Presentation */ = {
			isa = PBXGroup;
			children = (
				A5D9107326B9975B00AAF35E /* Scenes */,
				A5D9106826B995F300AAF35E /* Components */,
				A5D9106F26B996A100AAF35E /* Extensions */,
			);
			path = Presentation;
			sourceTree = "<group>";
		};
		A5D9105226B98F1A00AAF35E /* Application */ = {
			isa = PBXGroup;
			children = (
				A5D910BE26B9CCC500AAF35E /* DataStore */,
				A5D9105026B98F0800AAF35E /* Main */,
			);
			path = Application;
			sourceTree = "<group>";
		};
		A5D9105326B98F1E00AAF35E /* Domain */ = {
			isa = PBXGroup;
			children = (
				A5D910E526B9D67900AAF35E /* Extensions */,
				A5D9108D26B9C7A200AAF35E /* Item.swift */,
				A53F2D4F26BAFCE800F261EA /* Project.swift */,
			);
			path = Domain;
			sourceTree = "<group>";
		};
		A5D9105526B9953400AAF35E /* ViewItemsOverview */ = {
			isa = PBXGroup;
			children = (
				A5D9105926B9955C00AAF35E /* ViewItemsOverviewInteractor.swift */,
				A5D9106226B9956900AAF35E /* ViewItemsOverviewInteractorTests.swift */,
				A5D9105726B9955C00AAF35E /* ViewItemsOverviewModels.swift */,
				A5D9105626B9955C00AAF35E /* ViewItemsOverviewPresenter.swift */,
				A5D9106326B9956900AAF35E /* ViewItemsOverviewPresenterTests.swift */,
				A5D9105826B9955C00AAF35E /* ViewItemsOverviewScene.swift */,
				A5D9105B26B9955C00AAF35E /* ViewItemsOverviewService.swift */,
				A5D9106426B9956900AAF35E /* ViewItemsOverviewServiceTests.swift */,
				A5D9105A26B9955C00AAF35E /* ViewItemsOverviewView.swift */,
			);
			path = ViewItemsOverview;
			sourceTree = "<group>";
		};
		A5D9106826B995F300AAF35E /* Components */ = {
			isa = PBXGroup;
			children = (
				A53F2D4926BAF64800F261EA /* DeleteButton.swift */,
				A5DC0B8726BB230D00D82987 /* ItemsGrid.swift */,
				A5D9107426B99A3500AAF35E /* Logo.swift */,
				A5D9106E26B9968500AAF35E /* StandardButton.swift */,
				A5D9106926B9960300AAF35E /* ErrorSheet */,
			);
			path = Components;
			sourceTree = "<group>";
		};
		A5D9106926B9960300AAF35E /* ErrorSheet */ = {
			isa = PBXGroup;
			children = (
				A5D9106A26B9960300AAF35E /* ErrorSheetView.swift */,
				A5D9106B26B9960300AAF35E /* ErrorSheetModels.swift */,
			);
			path = ErrorSheet;
			sourceTree = "<group>";
		};
		A5D9106F26B996A100AAF35E /* Extensions */ = {
			isa = PBXGroup;
			children = (
				A5D9107026B996B500AAF35E /* Color+Extensions.swift */,
				A5D9107826B99D8D00AAF35E /* Font+Extensions.swift */,
				A5D9107626B99AC300AAF35E /* View+Extensions.swift */,
			);
			path = Extensions;
			sourceTree = "<group>";
		};
		A5D9107326B9975B00AAF35E /* Scenes */ = {
			isa = PBXGroup;
			children = (
				A53F2D3326BAF2B300F261EA /* MainTabView.swift */,
				A5D9107A26B9B3E500AAF35E /* EditItem */,
				A53F2D3626BAF51600F261EA /* EditProject */,
				A5D9105526B9953400AAF35E /* ViewItemsOverview */,
				A53F2D3526BAF50A00F261EA /* ViewProjectsOverview */,
			);
			path = Scenes;
			sourceTree = "<group>";
		};
		A5D9107A26B9B3E500AAF35E /* EditItem */ = {
			isa = PBXGroup;
			children = (
				A5D9107E26B9B40000AAF35E /* EditItemInteractor.swift */,
				A5D9108726B9B40D00AAF35E /* EditItemInteractorTests.swift */,
				A5D9107C26B9B40000AAF35E /* EditItemModels.swift */,
				A5D9107B26B9B40000AAF35E /* EditItemPresenter.swift */,
				A5D9108826B9B40D00AAF35E /* EditItemPresenterTests.swift */,
				A5D9107D26B9B40000AAF35E /* EditItemScene.swift */,
				A5D9108026B9B40000AAF35E /* EditItemService.swift */,
				A5D9108926B9B40D00AAF35E /* EditItemServiceTests.swift */,
				A5D9107F26B9B40000AAF35E /* EditItemView.swift */,
			);
			path = EditItem;
			sourceTree = "<group>";
		};
		A5D9109526B9C87D00AAF35E /* Persistence */ = {
			isa = PBXGroup;
			children = (
				A5D9109626B9C87D00AAF35E /* Persistence.h */,
				A5D910B526B9C99200AAF35E /* CoreDataStore.swift */,
				A5D910B626B9C99200AAF35E /* CoreDataStoreTests.swift */,
				A5D910B426B9C99200AAF35E /* Logging.swift */,
				A5D9102D26B98E7A00AAF35E /* Inventory.xcdatamodeld */,
			);
			path = Persistence;
			sourceTree = "<group>";
		};
		A5D910A326B9C87D00AAF35E /* PersistenceTests */ = {
			isa = PBXGroup;
			children = (
				A5D910A426B9C87D00AAF35E /* PersistenceTests.swift */,
			);
			path = PersistenceTests;
			sourceTree = "<group>";
		};
		A5D910BE26B9CCC500AAF35E /* DataStore */ = {
			isa = PBXGroup;
			children = (
				A5D910BF26B9CCC500AAF35E /* Repositories */,
				A5D910CB26B9CCC500AAF35E /* Storage */,
			);
			path = DataStore;
			sourceTree = "<group>";
		};
		A5D910BF26B9CCC500AAF35E /* Repositories */ = {
			isa = PBXGroup;
			children = (
				A5D910C026B9CCC500AAF35E /* RepositoryRoot.swift */,
				A5D910C126B9CCC500AAF35E /* Combine */,
				A5D910C326B9CCC500AAF35E /* Repositories */,
				A5D910C626B9CCC500AAF35E /* Transformers */,
			);
			path = Repositories;
			sourceTree = "<group>";
		};
		A5D910C126B9CCC500AAF35E /* Combine */ = {
			isa = PBXGroup;
			children = (
				A5D910C226B9CCC500AAF35E /* RepositoryAction.swift */,
			);
			path = Combine;
			sourceTree = "<group>";
		};
		A5D910C326B9CCC500AAF35E /* Repositories */ = {
			isa = PBXGroup;
			children = (
				A5D910C426B9CCC500AAF35E /* ItemRepository.swift */,
				A5D910C526B9CCC500AAF35E /* ItemRepositoryTests.swift */,
				A53F2D4B26BAFBFB00F261EA /* ProjectRepository.swift */,
				A53F2D4C26BAFBFB00F261EA /* ProjectRepositoryTests.swift */,
			);
			path = Repositories;
			sourceTree = "<group>";
		};
		A5D910C626B9CCC500AAF35E /* Transformers */ = {
			isa = PBXGroup;
			children = (
				A5D910CA26B9CCC500AAF35E /* DomainToStorageTransformer.swift */,
				A5D910C826B9CCC500AAF35E /* DomainToStorageTransformerTests.swift */,
				A5D910C726B9CCC500AAF35E /* StorageToDomainTransformer.swift */,
				A5D910C926B9CCC500AAF35E /* StorageToDomainTransformerTests.swift */,
			);
			path = Transformers;
			sourceTree = "<group>";
		};
		A5D910CB26B9CCC500AAF35E /* Storage */ = {
			isa = PBXGroup;
			children = (
				A5D910CC26B9CCC500AAF35E /* Storage.swift */,
				A5D910CD26B9CCC500AAF35E /* CoreData */,
			);
			path = Storage;
			sourceTree = "<group>";
		};
		A5D910CD26B9CCC500AAF35E /* CoreData */ = {
			isa = PBXGroup;
			children = (
				A5D910CF26B9CCC500AAF35E /* CoreDataStorage.swift */,
				A5D910D326B9CCC500AAF35E /* CoreDataStorage+Read.swift */,
				A5D910CE26B9CCC500AAF35E /* CoreDataStorage+ReadTests.swift */,
				A5D910D026B9CCC500AAF35E /* CoreDataStorage+Write.swift */,
				A5D910D426B9CCC500AAF35E /* CoreDataStorage+WriteTests.swift */,
				A5D910D226B9CCC500AAF35E /* CoreDataStoreStorageFactory.swift */,
				A5D910D126B9CCC500AAF35E /* CoreDataStoreStorageFactoryTests.swift */,
			);
			path = CoreData;
			sourceTree = "<group>";
		};
		A5D910E526B9D67900AAF35E /* Extensions */ = {
			isa = PBXGroup;
			children = (
				A5D910E626B9D68B00AAF35E /* Optional+Extensions.swift */,
			);
			path = Extensions;
			sourceTree = "<group>";
		};
/* End PBXGroup section */

/* Begin PBXHeadersBuildPhase section */
		A5D9108F26B9C87D00AAF35E /* Headers */ = {
			isa = PBXHeadersBuildPhase;
			buildActionMask = 2147483647;
			files = (
				A5D910A626B9C87D00AAF35E /* Persistence.h in Headers */,
			);
			runOnlyForDeploymentPostprocessing = 0;
		};
/* End PBXHeadersBuildPhase section */

/* Begin PBXNativeTarget section */
		A5D9101E26B98E7900AAF35E /* Inventory */ = {
			isa = PBXNativeTarget;
			buildConfigurationList = A5D9104626B98E7B00AAF35E /* Build configuration list for PBXNativeTarget "Inventory" */;
			buildPhases = (
				A5D9101B26B98E7900AAF35E /* Sources */,
				A5D9101C26B98E7900AAF35E /* Frameworks */,
				A5D9101D26B98E7900AAF35E /* Resources */,
				A5D910AE26B9C87D00AAF35E /* Embed Frameworks */,
			);
			buildRules = (
			);
			dependencies = (
				A5D910A826B9C87D00AAF35E /* PBXTargetDependency */,
			);
			name = Inventory;
			productName = Inventory;
			productReference = A5D9101F26B98E7900AAF35E /* Inventory.app */;
			productType = "com.apple.product-type.application";
		};
		A5D9103326B98E7A00AAF35E /* InventoryTests */ = {
			isa = PBXNativeTarget;
			buildConfigurationList = A5D9104926B98E7B00AAF35E /* Build configuration list for PBXNativeTarget "InventoryTests" */;
			buildPhases = (
				A5D9103026B98E7A00AAF35E /* Sources */,
				A5D9103126B98E7A00AAF35E /* Frameworks */,
				A5D9103226B98E7A00AAF35E /* Resources */,
			);
			buildRules = (
			);
			dependencies = (
				A5D9103626B98E7A00AAF35E /* PBXTargetDependency */,
			);
			name = InventoryTests;
			productName = InventoryTests;
			productReference = A5D9103426B98E7A00AAF35E /* InventoryTests.xctest */;
			productType = "com.apple.product-type.bundle.unit-test";
		};
		A5D9109326B9C87D00AAF35E /* Persistence */ = {
			isa = PBXNativeTarget;
			buildConfigurationList = A5D910AB26B9C87D00AAF35E /* Build configuration list for PBXNativeTarget "Persistence" */;
			buildPhases = (
				A5D9108F26B9C87D00AAF35E /* Headers */,
				A5D9109026B9C87D00AAF35E /* Sources */,
				A5D9109126B9C87D00AAF35E /* Frameworks */,
				A5D9109226B9C87D00AAF35E /* Resources */,
			);
			buildRules = (
			);
			dependencies = (
			);
			name = Persistence;
			productName = Persistence;
			productReference = A5D9109426B9C87D00AAF35E /* Persistence.framework */;
			productType = "com.apple.product-type.framework";
		};
		A5D9109C26B9C87D00AAF35E /* PersistenceTests */ = {
			isa = PBXNativeTarget;
			buildConfigurationList = A5D910AF26B9C87D00AAF35E /* Build configuration list for PBXNativeTarget "PersistenceTests" */;
			buildPhases = (
				A5D9109926B9C87D00AAF35E /* Sources */,
				A5D9109A26B9C87D00AAF35E /* Frameworks */,
				A5D9109B26B9C87D00AAF35E /* Resources */,
			);
			buildRules = (
			);
			dependencies = (
				A5D910A026B9C87D00AAF35E /* PBXTargetDependency */,
				A5D910A226B9C87D00AAF35E /* PBXTargetDependency */,
			);
			name = PersistenceTests;
			productName = PersistenceTests;
			productReference = A5D9109D26B9C87D00AAF35E /* PersistenceTests.xctest */;
			productType = "com.apple.product-type.bundle.unit-test";
		};
/* End PBXNativeTarget section */

/* Begin PBXProject section */
		A5D9101726B98E7900AAF35E /* Project object */ = {
			isa = PBXProject;
			attributes = {
				BuildIndependentTargetsInParallel = 1;
				LastSwiftUpdateCheck = 1300;
				LastUpgradeCheck = 1300;
				TargetAttributes = {
					A5D9101E26B98E7900AAF35E = {
						CreatedOnToolsVersion = 13.0;
					};
					A5D9103326B98E7A00AAF35E = {
						CreatedOnToolsVersion = 13.0;
						TestTargetID = A5D9101E26B98E7900AAF35E;
					};
					A5D9109326B9C87D00AAF35E = {
						CreatedOnToolsVersion = 13.0;
					};
					A5D9109C26B9C87D00AAF35E = {
						CreatedOnToolsVersion = 13.0;
						TestTargetID = A5D9101E26B98E7900AAF35E;
					};
				};
			};
			buildConfigurationList = A5D9101A26B98E7900AAF35E /* Build configuration list for PBXProject "Inventory" */;
			compatibilityVersion = "Xcode 13.0";
			developmentRegion = en;
			hasScannedForEncodings = 0;
			knownRegions = (
				en,
				Base,
			);
			mainGroup = A5D9101626B98E7900AAF35E;
			productRefGroup = A5D9102026B98E7900AAF35E /* Products */;
			projectDirPath = "";
			projectRoot = "";
			targets = (
				A5D9101E26B98E7900AAF35E /* Inventory */,
				A5D9103326B98E7A00AAF35E /* InventoryTests */,
				A5D9109326B9C87D00AAF35E /* Persistence */,
				A5D9109C26B9C87D00AAF35E /* PersistenceTests */,
			);
		};
/* End PBXProject section */

/* Begin PBXResourcesBuildPhase section */
		A5D9101D26B98E7900AAF35E /* Resources */ = {
			isa = PBXResourcesBuildPhase;
			buildActionMask = 2147483647;
			files = (
				A5D9102A26B98E7A00AAF35E /* Preview Assets.xcassets in Resources */,
				A5D9102726B98E7A00AAF35E /* Assets.xcassets in Resources */,
			);
			runOnlyForDeploymentPostprocessing = 0;
		};
		A5D9103226B98E7A00AAF35E /* Resources */ = {
			isa = PBXResourcesBuildPhase;
			buildActionMask = 2147483647;
			files = (
			);
			runOnlyForDeploymentPostprocessing = 0;
		};
		A5D9109226B9C87D00AAF35E /* Resources */ = {
			isa = PBXResourcesBuildPhase;
			buildActionMask = 2147483647;
			files = (
			);
			runOnlyForDeploymentPostprocessing = 0;
		};
		A5D9109B26B9C87D00AAF35E /* Resources */ = {
			isa = PBXResourcesBuildPhase;
			buildActionMask = 2147483647;
			files = (
			);
			runOnlyForDeploymentPostprocessing = 0;
		};
/* End PBXResourcesBuildPhase section */

/* Begin PBXSourcesBuildPhase section */
		A5D9101B26B98E7900AAF35E /* Sources */ = {
			isa = PBXSourcesBuildPhase;
			buildActionMask = 2147483647;
			files = (
				A53F2D4126BAF5C200F261EA /* ViewProjectsOverviewInteractor.swift in Sources */,
				A5D910D726B9CCF900AAF35E /* CoreDataStorage.swift in Sources */,
				A5D9108626B9B40000AAF35E /* EditItemService.swift in Sources */,
				A5D9106C26B9966500AAF35E /* ErrorSheetModels.swift in Sources */,
				A53F2D4A26BAF64800F261EA /* DeleteButton.swift in Sources */,
				A5DC0B8026BB1ADD00D82987 /* EditProjectInteractor.swift in Sources */,
				A53F2D5026BAFCE800F261EA /* Project.swift in Sources */,
				A5D9107926B99D8D00AAF35E /* Font+Extensions.swift in Sources */,
				A5DC0B8326BB1ADD00D82987 /* EditProjectView.swift in Sources */,
				A5D910DB26B9CCF900AAF35E /* DomainToStorageTransformer.swift in Sources */,
				A5DC0B7E26BB1ADD00D82987 /* EditProjectScene.swift in Sources */,
				A53F2D3426BAF2B300F261EA /* MainTabView.swift in Sources */,
				A5D9106126B9955C00AAF35E /* ViewItemsOverviewService.swift in Sources */,
				A5D910D926B9CCF900AAF35E /* RepositoryRoot.swift in Sources */,
				A5D9105E26B9955C00AAF35E /* ViewItemsOverviewScene.swift in Sources */,
				A5D9108E26B9C7A200AAF35E /* Item.swift in Sources */,
				A5D910D826B9CCF900AAF35E /* StorageToDomainTransformer.swift in Sources */,
				A53F2D4226BAF5C200F261EA /* ViewProjectsOverviewScene.swift in Sources */,
				A5D910DD26B9CCF900AAF35E /* CoreDataStorage+Read.swift in Sources */,
				A5D9107226B9974600AAF35E /* StandardButton.swift in Sources */,
				A53F2D4026BAF5C200F261EA /* ViewProjectsOverviewService.swift in Sources */,
				A5D9108426B9B40000AAF35E /* EditItemInteractor.swift in Sources */,
				A5D9108126B9B40000AAF35E /* EditItemPresenter.swift in Sources */,
				A5DC0B7F26BB1ADD00D82987 /* EditProjectService.swift in Sources */,
				A5DC0B8226BB1ADD00D82987 /* EditProjectPresenter.swift in Sources */,
				A5D910DC26B9CCF900AAF35E /* ItemRepository.swift in Sources */,
				A5D9105D26B9955C00AAF35E /* ViewItemsOverviewModels.swift in Sources */,
				A5D910DA26B9CCF900AAF35E /* CoreDataStorage+Write.swift in Sources */,
				A5D9105C26B9955C00AAF35E /* ViewItemsOverviewPresenter.swift in Sources */,
				A5DC0B8826BB230D00D82987 /* ItemsGrid.swift in Sources */,
				A5D9107526B99A3500AAF35E /* Logo.swift in Sources */,
				A5D910DE26B9CCF900AAF35E /* Storage.swift in Sources */,
				A5D9108326B9B40000AAF35E /* EditItemScene.swift in Sources */,
				A5D910E726B9D68B00AAF35E /* Optional+Extensions.swift in Sources */,
				A53F2D4426BAF5C200F261EA /* ViewProjectsOverviewView.swift in Sources */,
				A5D9106D26B9966500AAF35E /* ErrorSheetView.swift in Sources */,
				A5DC0B8126BB1ADD00D82987 /* EditProjectModels.swift in Sources */,
				A5D9108226B9B40000AAF35E /* EditItemModels.swift in Sources */,
				A53F2D4326BAF5C200F261EA /* ViewProjectsOverviewModels.swift in Sources */,
				A5D9106026B9955C00AAF35E /* ViewItemsOverviewView.swift in Sources */,
				A5D9102326B98E7900AAF35E /* InventoryApp.swift in Sources */,
				A5D910D626B9CCF900AAF35E /* RepositoryAction.swift in Sources */,
				A5D9105F26B9955C00AAF35E /* ViewItemsOverviewInteractor.swift in Sources */,
				A5D9107726B99AC300AAF35E /* View+Extensions.swift in Sources */,
				A53F2D4D26BAFCB700F261EA /* ProjectRepository.swift in Sources */,
				A53F2D4526BAF5C200F261EA /* ViewProjectsOverviewPresenter.swift in Sources */,
				A5D9107126B9973900AAF35E /* Color+Extensions.swift in Sources */,
				A5D9108526B9B40000AAF35E /* EditItemView.swift in Sources */,
				A5D910D526B9CCF900AAF35E /* CoreDataStoreStorageFactory.swift in Sources */,
			);
			runOnlyForDeploymentPostprocessing = 0;
		};
		A5D9103026B98E7A00AAF35E /* Sources */ = {
			isa = PBXSourcesBuildPhase;
			buildActionMask = 2147483647;
			files = (
				A5DC0B8526BB1AE100D82987 /* EditProjectInteractorTests.swift in Sources */,
				A5D9108A26B9B40D00AAF35E /* EditItemInteractorTests.swift in Sources */,
				A53F2D4826BAF5CA00F261EA /* ViewProjectsOverviewServiceTests.swift in Sources */,
				A5D910E326B9CD0400AAF35E /* CoreDataStoreStorageFactoryTests.swift in Sources */,
				A5D9103926B98E7A00AAF35E /* InventoryTests.swift in Sources */,
				A5D910E426B9CD0400AAF35E /* CoreDataStorage+WriteTests.swift in Sources */,
				A5D910E126B9CD0400AAF35E /* DomainToStorageTransformerTests.swift in Sources */,
				A5D9106526B9956900AAF35E /* ViewItemsOverviewInteractorTests.swift in Sources */,
				A5D9108B26B9B40D00AAF35E /* EditItemPresenterTests.swift in Sources */,
				A5D910E026B9CD0400AAF35E /* ItemRepositoryTests.swift in Sources */,
				A5DC0B8626BB1AE100D82987 /* EditProjectPresenterTests.swift in Sources */,
				A5D9106726B9956900AAF35E /* ViewItemsOverviewServiceTests.swift in Sources */,
				A53F2D4726BAF5CA00F261EA /* ViewProjectsOverviewPresenterTests.swift in Sources */,
				A5D910E226B9CD0400AAF35E /* CoreDataStorage+ReadTests.swift in Sources */,
				A5D9106626B9956900AAF35E /* ViewItemsOverviewPresenterTests.swift in Sources */,
				A53F2D4E26BAFCBB00F261EA /* ProjectRepositoryTests.swift in Sources */,
				A5D910DF26B9CD0400AAF35E /* StorageToDomainTransformerTests.swift in Sources */,
				A5DC0B8426BB1AE100D82987 /* EditProjectServiceTests.swift in Sources */,
				A53F2D4626BAF5CA00F261EA /* ViewProjectsOverviewInteractorTests.swift in Sources */,
				A5D9108C26B9B40D00AAF35E /* EditItemServiceTests.swift in Sources */,
			);
			runOnlyForDeploymentPostprocessing = 0;
		};
		A5D9109026B9C87D00AAF35E /* Sources */ = {
			isa = PBXSourcesBuildPhase;
			buildActionMask = 2147483647;
			files = (
				A5D910B326B9C8D000AAF35E /* Inventory.xcdatamodeld in Sources */,
				A5D910B726B9C99300AAF35E /* Logging.swift in Sources */,
				A5D910B826B9C99300AAF35E /* CoreDataStore.swift in Sources */,
			);
			runOnlyForDeploymentPostprocessing = 0;
		};
		A5D9109926B9C87D00AAF35E /* Sources */ = {
			isa = PBXSourcesBuildPhase;
			buildActionMask = 2147483647;
			files = (
				A5D910BC26B9CAB700AAF35E /* CoreDataStoreTests.swift in Sources */,
				A5D910A526B9C87D00AAF35E /* PersistenceTests.swift in Sources */,
			);
			runOnlyForDeploymentPostprocessing = 0;
		};
/* End PBXSourcesBuildPhase section */

/* Begin PBXTargetDependency section */
		A5D9103626B98E7A00AAF35E /* PBXTargetDependency */ = {
			isa = PBXTargetDependency;
			target = A5D9101E26B98E7900AAF35E /* Inventory */;
			targetProxy = A5D9103526B98E7A00AAF35E /* PBXContainerItemProxy */;
		};
		A5D910A026B9C87D00AAF35E /* PBXTargetDependency */ = {
			isa = PBXTargetDependency;
			target = A5D9109326B9C87D00AAF35E /* Persistence */;
			targetProxy = A5D9109F26B9C87D00AAF35E /* PBXContainerItemProxy */;
		};
		A5D910A226B9C87D00AAF35E /* PBXTargetDependency */ = {
			isa = PBXTargetDependency;
			target = A5D9101E26B98E7900AAF35E /* Inventory */;
			targetProxy = A5D910A126B9C87D00AAF35E /* PBXContainerItemProxy */;
		};
		A5D910A826B9C87D00AAF35E /* PBXTargetDependency */ = {
			isa = PBXTargetDependency;
			target = A5D9109326B9C87D00AAF35E /* Persistence */;
			targetProxy = A5D910A726B9C87D00AAF35E /* PBXContainerItemProxy */;
		};
/* End PBXTargetDependency section */

/* Begin XCBuildConfiguration section */
		A5D9104426B98E7B00AAF35E /* Debug */ = {
			isa = XCBuildConfiguration;
			buildSettings = {
				ALWAYS_SEARCH_USER_PATHS = NO;
				CLANG_ANALYZER_NONNULL = YES;
				CLANG_ANALYZER_NUMBER_OBJECT_CONVERSION = YES_AGGRESSIVE;
				CLANG_CXX_LANGUAGE_STANDARD = "gnu++14";
				CLANG_CXX_LIBRARY = "libc++";
				CLANG_ENABLE_MODULES = YES;
				CLANG_ENABLE_OBJC_ARC = YES;
				CLANG_ENABLE_OBJC_WEAK = YES;
				CLANG_WARN_BLOCK_CAPTURE_AUTORELEASING = YES;
				CLANG_WARN_BOOL_CONVERSION = YES;
				CLANG_WARN_COMMA = YES;
				CLANG_WARN_CONSTANT_CONVERSION = YES;
				CLANG_WARN_DEPRECATED_OBJC_IMPLEMENTATIONS = YES;
				CLANG_WARN_DIRECT_OBJC_ISA_USAGE = YES_ERROR;
				CLANG_WARN_DOCUMENTATION_COMMENTS = YES;
				CLANG_WARN_EMPTY_BODY = YES;
				CLANG_WARN_ENUM_CONVERSION = YES;
				CLANG_WARN_INFINITE_RECURSION = YES;
				CLANG_WARN_INT_CONVERSION = YES;
				CLANG_WARN_NON_LITERAL_NULL_CONVERSION = YES;
				CLANG_WARN_OBJC_IMPLICIT_RETAIN_SELF = YES;
				CLANG_WARN_OBJC_LITERAL_CONVERSION = YES;
				CLANG_WARN_OBJC_ROOT_CLASS = YES_ERROR;
				CLANG_WARN_QUOTED_INCLUDE_IN_FRAMEWORK_HEADER = YES;
				CLANG_WARN_RANGE_LOOP_ANALYSIS = YES;
				CLANG_WARN_STRICT_PROTOTYPES = YES;
				CLANG_WARN_SUSPICIOUS_MOVE = YES;
				CLANG_WARN_UNGUARDED_AVAILABILITY = YES_AGGRESSIVE;
				CLANG_WARN_UNREACHABLE_CODE = YES;
				CLANG_WARN__DUPLICATE_METHOD_MATCH = YES;
				COPY_PHASE_STRIP = NO;
				DEBUG_INFORMATION_FORMAT = dwarf;
				ENABLE_STRICT_OBJC_MSGSEND = YES;
				ENABLE_TESTABILITY = YES;
				GCC_C_LANGUAGE_STANDARD = gnu11;
				GCC_DYNAMIC_NO_PIC = NO;
				GCC_NO_COMMON_BLOCKS = YES;
				GCC_OPTIMIZATION_LEVEL = 0;
				GCC_PREPROCESSOR_DEFINITIONS = (
					"DEBUG=1",
					"$(inherited)",
				);
				GCC_WARN_64_TO_32_BIT_CONVERSION = YES;
				GCC_WARN_ABOUT_RETURN_TYPE = YES_ERROR;
				GCC_WARN_UNDECLARED_SELECTOR = YES;
				GCC_WARN_UNINITIALIZED_AUTOS = YES_AGGRESSIVE;
				GCC_WARN_UNUSED_FUNCTION = YES;
				GCC_WARN_UNUSED_VARIABLE = YES;
				IPHONEOS_DEPLOYMENT_TARGET = 14.1;
				MTL_ENABLE_DEBUG_INFO = INCLUDE_SOURCE;
				MTL_FAST_MATH = YES;
				ONLY_ACTIVE_ARCH = YES;
				SDKROOT = iphoneos;
				SWIFT_ACTIVE_COMPILATION_CONDITIONS = DEBUG;
				SWIFT_OPTIMIZATION_LEVEL = "-Onone";
			};
			name = Debug;
		};
		A5D9104526B98E7B00AAF35E /* Release */ = {
			isa = XCBuildConfiguration;
			buildSettings = {
				ALWAYS_SEARCH_USER_PATHS = NO;
				CLANG_ANALYZER_NONNULL = YES;
				CLANG_ANALYZER_NUMBER_OBJECT_CONVERSION = YES_AGGRESSIVE;
				CLANG_CXX_LANGUAGE_STANDARD = "gnu++14";
				CLANG_CXX_LIBRARY = "libc++";
				CLANG_ENABLE_MODULES = YES;
				CLANG_ENABLE_OBJC_ARC = YES;
				CLANG_ENABLE_OBJC_WEAK = YES;
				CLANG_WARN_BLOCK_CAPTURE_AUTORELEASING = YES;
				CLANG_WARN_BOOL_CONVERSION = YES;
				CLANG_WARN_COMMA = YES;
				CLANG_WARN_CONSTANT_CONVERSION = YES;
				CLANG_WARN_DEPRECATED_OBJC_IMPLEMENTATIONS = YES;
				CLANG_WARN_DIRECT_OBJC_ISA_USAGE = YES_ERROR;
				CLANG_WARN_DOCUMENTATION_COMMENTS = YES;
				CLANG_WARN_EMPTY_BODY = YES;
				CLANG_WARN_ENUM_CONVERSION = YES;
				CLANG_WARN_INFINITE_RECURSION = YES;
				CLANG_WARN_INT_CONVERSION = YES;
				CLANG_WARN_NON_LITERAL_NULL_CONVERSION = YES;
				CLANG_WARN_OBJC_IMPLICIT_RETAIN_SELF = YES;
				CLANG_WARN_OBJC_LITERAL_CONVERSION = YES;
				CLANG_WARN_OBJC_ROOT_CLASS = YES_ERROR;
				CLANG_WARN_QUOTED_INCLUDE_IN_FRAMEWORK_HEADER = YES;
				CLANG_WARN_RANGE_LOOP_ANALYSIS = YES;
				CLANG_WARN_STRICT_PROTOTYPES = YES;
				CLANG_WARN_SUSPICIOUS_MOVE = YES;
				CLANG_WARN_UNGUARDED_AVAILABILITY = YES_AGGRESSIVE;
				CLANG_WARN_UNREACHABLE_CODE = YES;
				CLANG_WARN__DUPLICATE_METHOD_MATCH = YES;
				COPY_PHASE_STRIP = NO;
				DEBUG_INFORMATION_FORMAT = "dwarf-with-dsym";
				ENABLE_NS_ASSERTIONS = NO;
				ENABLE_STRICT_OBJC_MSGSEND = YES;
				GCC_C_LANGUAGE_STANDARD = gnu11;
				GCC_NO_COMMON_BLOCKS = YES;
				GCC_WARN_64_TO_32_BIT_CONVERSION = YES;
				GCC_WARN_ABOUT_RETURN_TYPE = YES_ERROR;
				GCC_WARN_UNDECLARED_SELECTOR = YES;
				GCC_WARN_UNINITIALIZED_AUTOS = YES_AGGRESSIVE;
				GCC_WARN_UNUSED_FUNCTION = YES;
				GCC_WARN_UNUSED_VARIABLE = YES;
				IPHONEOS_DEPLOYMENT_TARGET = 14.1;
				MTL_ENABLE_DEBUG_INFO = NO;
				MTL_FAST_MATH = YES;
				SDKROOT = iphoneos;
				SWIFT_COMPILATION_MODE = wholemodule;
				SWIFT_OPTIMIZATION_LEVEL = "-O";
				VALIDATE_PRODUCT = YES;
			};
			name = Release;
		};
		A5D9104726B98E7B00AAF35E /* Debug */ = {
			isa = XCBuildConfiguration;
			buildSettings = {
				ALWAYS_EMBED_SWIFT_STANDARD_LIBRARIES = YES;
				ASSETCATALOG_COMPILER_APPICON_NAME = AppIcon;
				ASSETCATALOG_COMPILER_GLOBAL_ACCENT_COLOR_NAME = AccentColor;
				CODE_SIGN_STYLE = Automatic;
				CURRENT_PROJECT_VERSION = 1;
				DEVELOPMENT_ASSET_PATHS = "\"Inventory/Application/Main/Preview Content\"";
				DEVELOPMENT_TEAM = X7WM6K9T24;
				ENABLE_PREVIEWS = YES;
				GENERATE_INFOPLIST_FILE = YES;
				INFOPLIST_KEY_UIApplicationSceneManifest_Generation = YES;
				INFOPLIST_KEY_UIApplicationSupportsIndirectInputEvents = YES;
				INFOPLIST_KEY_UILaunchScreen_Generation = YES;
				INFOPLIST_KEY_UISupportedInterfaceOrientations_iPad = "UIInterfaceOrientationPortrait UIInterfaceOrientationPortraitUpsideDown UIInterfaceOrientationLandscapeLeft UIInterfaceOrientationLandscapeRight";
				INFOPLIST_KEY_UISupportedInterfaceOrientations_iPhone = "UIInterfaceOrientationPortrait UIInterfaceOrientationLandscapeLeft UIInterfaceOrientationLandscapeRight";
				IPHONEOS_DEPLOYMENT_TARGET = 14.1;
				LD_RUNPATH_SEARCH_PATHS = (
					"$(inherited)",
					"@executable_path/Frameworks",
				);
				MARKETING_VERSION = 1.0;
				PRODUCT_BUNDLE_IDENTIFIER = io.fifty6.Inventory;
				PRODUCT_NAME = "$(TARGET_NAME)";
				SWIFT_EMIT_LOC_STRINGS = YES;
				SWIFT_VERSION = 5.0;
				TARGETED_DEVICE_FAMILY = "1,2";
			};
			name = Debug;
		};
		A5D9104826B98E7B00AAF35E /* Release */ = {
			isa = XCBuildConfiguration;
			buildSettings = {
				ALWAYS_EMBED_SWIFT_STANDARD_LIBRARIES = YES;
				ASSETCATALOG_COMPILER_APPICON_NAME = AppIcon;
				ASSETCATALOG_COMPILER_GLOBAL_ACCENT_COLOR_NAME = AccentColor;
				CODE_SIGN_STYLE = Automatic;
				CURRENT_PROJECT_VERSION = 1;
				DEVELOPMENT_ASSET_PATHS = "\"Inventory/Application/Main/Preview Content\"";
				DEVELOPMENT_TEAM = X7WM6K9T24;
				ENABLE_PREVIEWS = YES;
				GENERATE_INFOPLIST_FILE = YES;
				INFOPLIST_KEY_UIApplicationSceneManifest_Generation = YES;
				INFOPLIST_KEY_UIApplicationSupportsIndirectInputEvents = YES;
				INFOPLIST_KEY_UILaunchScreen_Generation = YES;
				INFOPLIST_KEY_UISupportedInterfaceOrientations_iPad = "UIInterfaceOrientationPortrait UIInterfaceOrientationPortraitUpsideDown UIInterfaceOrientationLandscapeLeft UIInterfaceOrientationLandscapeRight";
				INFOPLIST_KEY_UISupportedInterfaceOrientations_iPhone = "UIInterfaceOrientationPortrait UIInterfaceOrientationLandscapeLeft UIInterfaceOrientationLandscapeRight";
				IPHONEOS_DEPLOYMENT_TARGET = 14.1;
				LD_RUNPATH_SEARCH_PATHS = (
					"$(inherited)",
					"@executable_path/Frameworks",
				);
				MARKETING_VERSION = 1.0;
				PRODUCT_BUNDLE_IDENTIFIER = io.fifty6.Inventory;
				PRODUCT_NAME = "$(TARGET_NAME)";
				SWIFT_EMIT_LOC_STRINGS = YES;
				SWIFT_VERSION = 5.0;
				TARGETED_DEVICE_FAMILY = "1,2";
			};
			name = Release;
		};
		A5D9104A26B98E7B00AAF35E /* Debug */ = {
			isa = XCBuildConfiguration;
			buildSettings = {
				ALWAYS_EMBED_SWIFT_STANDARD_LIBRARIES = YES;
				BUNDLE_LOADER = "$(TEST_HOST)";
				CODE_SIGN_STYLE = Automatic;
				CURRENT_PROJECT_VERSION = 1;
				DEVELOPMENT_TEAM = X7WM6K9T24;
				GENERATE_INFOPLIST_FILE = YES;
				IPHONEOS_DEPLOYMENT_TARGET = 14.0;
				LD_RUNPATH_SEARCH_PATHS = (
					"$(inherited)",
					"@executable_path/Frameworks",
					"@loader_path/Frameworks",
				);
				MARKETING_VERSION = 1.0;
				PRODUCT_BUNDLE_IDENTIFIER = io.fifty6.InventoryTests;
				PRODUCT_NAME = "$(TARGET_NAME)";
				SWIFT_EMIT_LOC_STRINGS = NO;
				SWIFT_VERSION = 5.0;
				TARGETED_DEVICE_FAMILY = "1,2";
				TEST_HOST = "$(BUILT_PRODUCTS_DIR)/Inventory.app/Inventory";
			};
			name = Debug;
		};
		A5D9104B26B98E7B00AAF35E /* Release */ = {
			isa = XCBuildConfiguration;
			buildSettings = {
				ALWAYS_EMBED_SWIFT_STANDARD_LIBRARIES = YES;
				BUNDLE_LOADER = "$(TEST_HOST)";
				CODE_SIGN_STYLE = Automatic;
				CURRENT_PROJECT_VERSION = 1;
				DEVELOPMENT_TEAM = X7WM6K9T24;
				GENERATE_INFOPLIST_FILE = YES;
				IPHONEOS_DEPLOYMENT_TARGET = 14.0;
				LD_RUNPATH_SEARCH_PATHS = (
					"$(inherited)",
					"@executable_path/Frameworks",
					"@loader_path/Frameworks",
				);
				MARKETING_VERSION = 1.0;
				PRODUCT_BUNDLE_IDENTIFIER = io.fifty6.InventoryTests;
				PRODUCT_NAME = "$(TARGET_NAME)";
				SWIFT_EMIT_LOC_STRINGS = NO;
				SWIFT_VERSION = 5.0;
				TARGETED_DEVICE_FAMILY = "1,2";
				TEST_HOST = "$(BUILT_PRODUCTS_DIR)/Inventory.app/Inventory";
			};
			name = Release;
		};
		A5D910AC26B9C87D00AAF35E /* Debug */ = {
			isa = XCBuildConfiguration;
			buildSettings = {
				CODE_SIGN_STYLE = Automatic;
				CURRENT_PROJECT_VERSION = 1;
				DEFINES_MODULE = YES;
				DEVELOPMENT_TEAM = X7WM6K9T24;
				DYLIB_COMPATIBILITY_VERSION = 1;
				DYLIB_CURRENT_VERSION = 1;
				DYLIB_INSTALL_NAME_BASE = "@rpath";
				GENERATE_INFOPLIST_FILE = YES;
				INFOPLIST_KEY_NSHumanReadableCopyright = "";
				INSTALL_PATH = "$(LOCAL_LIBRARY_DIR)/Frameworks";
				IPHONEOS_DEPLOYMENT_TARGET = 14.1;
				LD_RUNPATH_SEARCH_PATHS = (
					"$(inherited)",
					"@executable_path/Frameworks",
					"@loader_path/Frameworks",
				);
				MARKETING_VERSION = 1.0;
				PRODUCT_BUNDLE_IDENTIFIER = io.fifty6.Persistence;
				PRODUCT_NAME = "$(TARGET_NAME:c99extidentifier)";
				SKIP_INSTALL = YES;
				SWIFT_EMIT_LOC_STRINGS = YES;
				SWIFT_VERSION = 5.0;
				TARGETED_DEVICE_FAMILY = "1,2";
				VERSIONING_SYSTEM = "apple-generic";
				VERSION_INFO_PREFIX = "";
			};
			name = Debug;
		};
		A5D910AD26B9C87D00AAF35E /* Release */ = {
			isa = XCBuildConfiguration;
			buildSettings = {
				CODE_SIGN_STYLE = Automatic;
				CURRENT_PROJECT_VERSION = 1;
				DEFINES_MODULE = YES;
				DEVELOPMENT_TEAM = X7WM6K9T24;
				DYLIB_COMPATIBILITY_VERSION = 1;
				DYLIB_CURRENT_VERSION = 1;
				DYLIB_INSTALL_NAME_BASE = "@rpath";
				GENERATE_INFOPLIST_FILE = YES;
				INFOPLIST_KEY_NSHumanReadableCopyright = "";
				INSTALL_PATH = "$(LOCAL_LIBRARY_DIR)/Frameworks";
				IPHONEOS_DEPLOYMENT_TARGET = 14.1;
				LD_RUNPATH_SEARCH_PATHS = (
					"$(inherited)",
					"@executable_path/Frameworks",
					"@loader_path/Frameworks",
				);
				MARKETING_VERSION = 1.0;
				PRODUCT_BUNDLE_IDENTIFIER = io.fifty6.Persistence;
				PRODUCT_NAME = "$(TARGET_NAME:c99extidentifier)";
				SKIP_INSTALL = YES;
				SWIFT_EMIT_LOC_STRINGS = YES;
				SWIFT_VERSION = 5.0;
				TARGETED_DEVICE_FAMILY = "1,2";
				VERSIONING_SYSTEM = "apple-generic";
				VERSION_INFO_PREFIX = "";
			};
			name = Release;
		};
		A5D910B026B9C87D00AAF35E /* Debug */ = {
			isa = XCBuildConfiguration;
			buildSettings = {
				ALWAYS_EMBED_SWIFT_STANDARD_LIBRARIES = YES;
				CODE_SIGN_STYLE = Automatic;
				CURRENT_PROJECT_VERSION = 1;
				DEVELOPMENT_TEAM = X7WM6K9T24;
				GENERATE_INFOPLIST_FILE = YES;
				LD_RUNPATH_SEARCH_PATHS = (
					"$(inherited)",
					"@executable_path/Frameworks",
					"@loader_path/Frameworks",
				);
				MARKETING_VERSION = 1.0;
				PRODUCT_BUNDLE_IDENTIFIER = io.fifty6.PersistenceTests;
				PRODUCT_NAME = "$(TARGET_NAME)";
				SWIFT_EMIT_LOC_STRINGS = NO;
				SWIFT_VERSION = 5.0;
				TARGETED_DEVICE_FAMILY = "1,2";
				TEST_HOST = "$(BUILT_PRODUCTS_DIR)/Inventory.app/Inventory";
			};
			name = Debug;
		};
		A5D910B126B9C87D00AAF35E /* Release */ = {
			isa = XCBuildConfiguration;
			buildSettings = {
				ALWAYS_EMBED_SWIFT_STANDARD_LIBRARIES = YES;
				CODE_SIGN_STYLE = Automatic;
				CURRENT_PROJECT_VERSION = 1;
				DEVELOPMENT_TEAM = X7WM6K9T24;
				GENERATE_INFOPLIST_FILE = YES;
				LD_RUNPATH_SEARCH_PATHS = (
					"$(inherited)",
					"@executable_path/Frameworks",
					"@loader_path/Frameworks",
				);
				MARKETING_VERSION = 1.0;
				PRODUCT_BUNDLE_IDENTIFIER = io.fifty6.PersistenceTests;
				PRODUCT_NAME = "$(TARGET_NAME)";
				SWIFT_EMIT_LOC_STRINGS = NO;
				SWIFT_VERSION = 5.0;
				TARGETED_DEVICE_FAMILY = "1,2";
				TEST_HOST = "$(BUILT_PRODUCTS_DIR)/Inventory.app/Inventory";
			};
			name = Release;
		};
/* End XCBuildConfiguration section */

/* Begin XCConfigurationList section */
		A5D9101A26B98E7900AAF35E /* Build configuration list for PBXProject "Inventory" */ = {
			isa = XCConfigurationList;
			buildConfigurations = (
				A5D9104426B98E7B00AAF35E /* Debug */,
				A5D9104526B98E7B00AAF35E /* Release */,
			);
			defaultConfigurationIsVisible = 0;
			defaultConfigurationName = Release;
		};
		A5D9104626B98E7B00AAF35E /* Build configuration list for PBXNativeTarget "Inventory" */ = {
			isa = XCConfigurationList;
			buildConfigurations = (
				A5D9104726B98E7B00AAF35E /* Debug */,
				A5D9104826B98E7B00AAF35E /* Release */,
			);
			defaultConfigurationIsVisible = 0;
			defaultConfigurationName = Release;
		};
		A5D9104926B98E7B00AAF35E /* Build configuration list for PBXNativeTarget "InventoryTests" */ = {
			isa = XCConfigurationList;
			buildConfigurations = (
				A5D9104A26B98E7B00AAF35E /* Debug */,
				A5D9104B26B98E7B00AAF35E /* Release */,
			);
			defaultConfigurationIsVisible = 0;
			defaultConfigurationName = Release;
		};
		A5D910AB26B9C87D00AAF35E /* Build configuration list for PBXNativeTarget "Persistence" */ = {
			isa = XCConfigurationList;
			buildConfigurations = (
				A5D910AC26B9C87D00AAF35E /* Debug */,
				A5D910AD26B9C87D00AAF35E /* Release */,
			);
			defaultConfigurationIsVisible = 0;
			defaultConfigurationName = Release;
		};
		A5D910AF26B9C87D00AAF35E /* Build configuration list for PBXNativeTarget "PersistenceTests" */ = {
			isa = XCConfigurationList;
			buildConfigurations = (
				A5D910B026B9C87D00AAF35E /* Debug */,
				A5D910B126B9C87D00AAF35E /* Release */,
			);
			defaultConfigurationIsVisible = 0;
			defaultConfigurationName = Release;
		};
/* End XCConfigurationList section */

/* Begin XCVersionGroup section */
		A5D9102D26B98E7A00AAF35E /* Inventory.xcdatamodeld */ = {
			isa = XCVersionGroup;
			children = (
				A5D9102E26B98E7A00AAF35E /* Inventory.xcdatamodel */,
			);
			currentVersion = A5D9102E26B98E7A00AAF35E /* Inventory.xcdatamodel */;
			path = Inventory.xcdatamodeld;
			sourceTree = "<group>";
			versionGroupType = wrapper.xcdatamodel;
		};
/* End XCVersionGroup section */
	};
	rootObject = A5D9101726B98E7900AAF35E /* Project object */;
}
